github.com/Fedodo/Fedodo.HomePage.Theme v1.0.2 h1:dYzW5NP9opE/sSz3cG24mxAkrFj3szW3jjai8JeTqPc=
github.com/Fedodo/Fedodo.HomePage.Theme v1.0.2/go.mod h1:vCc0Z+a3U3dPmbaaA7fPVE68s7rmSfI/CVEbZYLLlFM=
github.com/StefMa/hugo-fresh v1.0.0 h1:Nxo9WtzfBlaFi1G8NEHQLReJQz+Dn4jRxec+lMrPG6k=
github.com/StefMa/hugo-fresh v1.0.0/go.mod h1:yRzHyco0bfnITjvq7rfAiOADfGMrDlM0kXeKBllUJEc=
github.com/jgthms/bulma v0.0.0-20220508134905-3e00a8e6d0d0/go.mod h1:89FLBKXYFKfOKAoDeUT26V0pHGwzr205cMXAEqtAVOI=
